// !$*UTF8*$!
{
	archiveVersion = 1;
	classes = {
	};
	objectVersion = 46;
	objects = {

/* Begin PBXBuildFile section */
		A8393D381C51DAD600FEFF1E /* AppDelegate.swift in Sources */ = {isa = PBXBuildFile; fileRef = A8393D371C51DAD600FEFF1E /* AppDelegate.swift */; };
		A8393D3A1C51DAD600FEFF1E /* ViewController.swift in Sources */ = {isa = PBXBuildFile; fileRef = A8393D391C51DAD600FEFF1E /* ViewController.swift */; };
		A8393D3D1C51DAD600FEFF1E /* Main.storyboard in Resources */ = {isa = PBXBuildFile; fileRef = A8393D3B1C51DAD600FEFF1E /* Main.storyboard */; };
		A8393D3F1C51DAD600FEFF1E /* Assets.xcassets in Resources */ = {isa = PBXBuildFile; fileRef = A8393D3E1C51DAD600FEFF1E /* Assets.xcassets */; };
		A8393D421C51DAD600FEFF1E /* LaunchScreen.storyboard in Resources */ = {isa = PBXBuildFile; fileRef = A8393D401C51DAD600FEFF1E /* LaunchScreen.storyboard */; };
/* End PBXBuildFile section */

/* Begin PBXFileReference section */
		A8393D341C51DAD600FEFF1E /* Instagram.app */ = {isa = PBXFileReference; explicitFileType = wrapper.application; includeInIndex = 0; path = Instagram.app; sourceTree = BUILT_PRODUCTS_DIR; };
		A8393D371C51DAD600FEFF1E /* AppDelegate.swift */ = {isa = PBXFileReference; lastKnownFileType = sourcecode.swift; path = AppDelegate.swift; sourceTree = "<group>"; };
		A8393D391C51DAD600FEFF1E /* ViewController.swift */ = {isa = PBXFileReference; lastKnownFileType = sourcecode.swift; path = ViewController.swift; sourceTree = "<group>"; };
		A8393D3C1C51DAD600FEFF1E /* Base */ = {isa = PBXFileReference; lastKnownFileType = file.storyboard; name = Base; path = Base.lproj/Main.storyboard; sourceTree = "<group>"; };
		A8393D3E1C51DAD600FEFF1E /* Assets.xcassets */ = {isa = PBXFileReference; lastKnownFileType = folder.assetcatalog; path = Assets.xcassets; sourceTree = "<group>"; };
		A8393D411C51DAD600FEFF1E /* Base */ = {isa = PBXFileReference; lastKnownFileType = file.storyboard; name = Base; path = Base.lproj/LaunchScreen.storyboard; sourceTree = "<group>"; };
		A8393D431C51DAD600FEFF1E /* Info.plist */ = {isa = PBXFileReference; lastKnownFileType = text.plist.xml; path = Info.plist; sourceTree = "<group>"; };
/* End PBXFileReference section */

/* Begin PBXFrameworksBuildPhase section */
		A8393D311C51DAD600FEFF1E /* Frameworks */ = {
			isa = PBXFrameworksBuildPhase;
			buildActionMask = 2147483647;
			files = (
			);
			runOnlyForDeploymentPostprocessing = 0;
		};
/* End PBXFrameworksBuildPhase section */

/* Begin PBXGroup section */
		A8393D2B1C51DAD500FEFF1E = {
			isa = PBXGroup;
			children = (
				A8393D361C51DAD600FEFF1E /* Instagram */,
				A8393D351C51DAD600FEFF1E /* Products */,
			);
			sourceTree = "<group>";
		};
		A8393D351C51DAD600FEFF1E /* Products */ = {
			isa = PBXGroup;
			children = (
				A8393D341C51DAD600FEFF1E /* Instagram.app */,
			);
			name = Products;
			sourceTree = "<group>";
		};
		A8393D361C51DAD600FEFF1E /* Instagram */ = {
			isa = PBXGroup;
			children = (
				A8393D371C51DAD600FEFF1E /* AppDelegate.swift */,
				A8393D391C51DAD600FEFF1E /* ViewController.swift */,
				A8393D3B1C51DAD600FEFF1E /* Main.storyboard */,
				A8393D3E1C51DAD600FEFF1E /* Assets.xcassets */,
				A8393D401C51DAD600FEFF1E /* LaunchScreen.storyboard */,
				A8393D431C51DAD600FEFF1E /* Info.plist */,
			);
			path = Instagram;
			sourceTree = "<group>";
		};
/* End PBXGroup section */

/* Begin PBXNativeTarget section */
		A8393D331C51DAD600FEFF1E /* Instagram */ = {
			isa = PBXNativeTarget;
			buildConfigurationList = A8393D461C51DAD600FEFF1E /* Build configuration list for PBXNativeTarget "Instagram" */;
			buildPhases = (
				A8393D301C51DAD600FEFF1E /* Sources */,
				A8393D311C51DAD600FEFF1E /* Frameworks */,
				A8393D321C51DAD600FEFF1E /* Resources */,
			);
			buildRules = (
			);
			dependencies = (
			);
			name = Instagram;
			productName = Instagram;
			productReference = A8393D341C51DAD600FEFF1E /* Instagram.app */;
			productType = "com.apple.product-type.application";
		};
/* End PBXNativeTarget section */

/* Begin PBXProject section */
		A8393D2C1C51DAD500FEFF1E /* Project object */ = {
			isa = PBXProject;
			attributes = {
				LastSwiftUpdateCheck = 0720;
				LastUpgradeCheck = 0720;
				ORGANIZATIONNAME = "Che Chao Hsu";
				TargetAttributes = {
					A8393D331C51DAD600FEFF1E = {
						CreatedOnToolsVersion = 7.2;
					};
				};
			};
			buildConfigurationList = A8393D2F1C51DAD500FEFF1E /* Build configuration list for PBXProject "Instagram" */;
			compatibilityVersion = "Xcode 3.2";
			developmentRegion = English;
			hasScannedForEncodings = 0;
			knownRegions = (
				en,
				Base,
			);
			mainGroup = A8393D2B1C51DAD500FEFF1E;
			productRefGroup = A8393D351C51DAD600FEFF1E /* Products */;
			projectDirPath = "";
			projectRoot = "";
			targets = (
				A8393D331C51DAD600FEFF1E /* Instagram */,
			);
		};
/* End PBXProject section */

/* Begin PBXResourcesBuildPhase section */
		A8393D321C51DAD600FEFF1E /* Resources */ = {
			isa = PBXResourcesBuildPhase;
			buildActionMask = 2147483647;
			files = (
				A8393D421C51DAD600FEFF1E /* LaunchScreen.storyboard in Resources */,
				A8393D3F1C51DAD600FEFF1E /* Assets.xcassets in Resources */,
				A8393D3D1C51DAD600FEFF1E /* Main.storyboard in Resources */,
			);
			runOnlyForDeploymentPostprocessing = 0;
		};
/* End PBXResourcesBuildPhase section */

/* Begin PBXSourcesBuildPhase section */
		A8393D301C51DAD600FEFF1E /* Sources */ = {
			isa = PBXSourcesBuildPhase;
			buildActionMask = 2147483647;
			files = (
				A8393D3A1C51DAD600FEFF1E /* ViewController.swift in Sources */,
				A8393D381C51DAD600FEFF1E /* AppDelegate.swift in Sources */,
			);
			runOnlyForDeploymentPostprocessing = 0;
		};
/* End PBXSourcesBuildPhase section */

/* Begin PBXVariantGroup section */
		A8393D3B1C51DAD600FEFF1E /* Main.storyboard */ = {
			isa = PBXVariantGroup;
			children = (
				A8393D3C1C51DAD600FEFF1E /* Base */,
			);
			name = Main.storyboard;
			sourceTree = "<group>";
		};
		A8393D401C51DAD600FEFF1E /* LaunchScreen.storyboard */ = {
			isa = PBXVariantGroup;
			children = (
				A8393D411C51DAD600FEFF1E /* Base */,
			);
			name = LaunchScreen.storyboard;
			sourceTree = "<group>";
		};
/* End PBXVariantGroup section */

/* Begin XCBuildConfiguration section */
		A8393D441C51DAD600FEFF1E /* Debug */ = {
			isa = XCBuildConfiguration;
			buildSettings = {
				ALWAYS_SEARCH_USER_PATHS = NO;
				CLANG_CXX_LANGUAGE_STANDARD = "gnu++0x";
				CLANG_CXX_LIBRARY = "libc++";
				CLANG_ENABLE_MODULES = YES;
				CLANG_ENABLE_OBJC_ARC = YES;
				CLANG_WARN_BOOL_CONVERSION = YES;
				CLANG_WARN_CONSTANT_CONVERSION = YES;
				CLANG_WARN_DIRECT_OBJC_ISA_USAGE = YES_ERROR;
				CLANG_WARN_EMPTY_BODY = YES;
				CLANG_WARN_ENUM_CONVERSION = YES;
				CLANG_WARN_INT_CONVERSION = YES;
				CLANG_WARN_OBJC_ROOT_CLASS = YES_ERROR;
				CLANG_WARN_UNREACHABLE_CODE = YES;
				CLANG_WARN__DUPLICATE_METHOD_MATCH = YES;
				"CODE_SIGN_IDENTITY[sdk=iphoneos*]" = "iPhone Developer";
				COPY_PHASE_STRIP = NO;
				DEBUG_INFORMATION_FORMAT = dwarf;
				ENABLE_STRICT_OBJC_MSGSEND = YES;
				ENABLE_TESTABILITY = YES;
				GCC_C_LANGUAGE_STANDARD = gnu99;
				GCC_DYNAMIC_NO_PIC = NO;
				GCC_NO_COMMON_BLOCKS = YES;
				GCC_OPTIMIZATION_LEVEL = 0;
				GCC_PREPROCESSOR_DEFINITIONS = (
					"DEBUG=1",
					"$(inherited)",
				);
				GCC_WARN_64_TO_32_BIT_CONVERSION = YES;
				GCC_WARN_ABOUT_RETURN_TYPE = YES_ERROR;
				GCC_WARN_UNDECLARED_SELECTOR = YES;
				GCC_WARN_UNINITIALIZED_AUTOS = YES_AGGRESSIVE;
				GCC_WARN_UNUSED_FUNCTION = YES;
				GCC_WARN_UNUSED_VARIABLE = YES;
				IPHONEOS_DEPLOYMENT_TARGET = 9.2;
				MTL_ENABLE_DEBUG_INFO = YES;
				ONLY_ACTIVE_ARCH = YES;
				SDKROOT = iphoneos;
				SWIFT_OPTIMIZATION_LEVEL = "-Onone";
				TARGETED_DEVICE_FAMILY = "1,2";
			};
			name = Debug;
		};
		A8393D451C51DAD600FEFF1E /* Release */ = {
			isa = XCBuildConfiguration;
			buildSettings = {
				ALWAYS_SEARCH_USER_PATHS = NO;
				CLANG_CXX_LANGUAGE_STANDARD = "gnu++0x";
				CLANG_CXX_LIBRARY = "libc++";
				CLANG_ENABLE_MODULES = YES;
				CLANG_ENABLE_OBJC_ARC = YES;
				CLANG_WARN_BOOL_CONVERSION = YES;
				CLANG_WARN_CONSTANT_CONVERSION = YES;
				CLANG_WARN_DIRECT_OBJC_ISA_USAGE = YES_ERROR;
				CLANG_WARN_EMPTY_BODY = YES;
				CLANG_WARN_ENUM_CONVERSION = YES;
				CLANG_WARN_INT_CONVERSION = YES;
				CLANG_WARN_OBJC_ROOT_CLASS = YES_ERROR;
				CLANG_WARN_UNREACHABLE_CODE = YES;
				CLANG_WARN__DUPLICATE_METHOD_MATCH = YES;
				"CODE_SIGN_IDENTITY[sdk=iphoneos*]" = "iPhone Developer";
				COPY_PHASE_STRIP = NO;
				DEBUG_INFORMATION_FORMAT = "dwarf-with-dsym";
				ENABLE_NS_ASSERTIONS = NO;
				ENABLE_STRICT_OBJC_MSGSEND = YES;
				GCC_C_LANGUAGE_STANDARD = gnu99;
				GCC_NO_COMMON_BLOCKS = YES;
				GCC_WARN_64_TO_32_BIT_CONVERSION = YES;
				GCC_WARN_ABOUT_RETURN_TYPE = YES_ERROR;
				GCC_WARN_UNDECLARED_SELECTOR = YES;
				GCC_WARN_UNINITIALIZED_AUTOS = YES_AGGRESSIVE;
				GCC_WARN_UNUSED_FUNCTION = YES;
				GCC_WARN_UNUSED_VARIABLE = YES;
				IPHONEOS_DEPLOYMENT_TARGET = 9.2;
				MTL_ENABLE_DEBUG_INFO = NO;
				SDKROOT = iphoneos;
				TARGETED_DEVICE_FAMILY = "1,2";
				VALIDATE_PRODUCT = YES;
			};
			name = Release;
		};
		A8393D471C51DAD600FEFF1E /* Debug */ = {
			isa = XCBuildConfiguration;
			buildSettings = {
				ASSETCATALOG_COMPILER_APPICON_NAME = AppIcon;
				INFOPLIST_FILE = Instagram/Info.plist;
				LD_RUNPATH_SEARCH_PATHS = "$(inherited) @executable_path/Frameworks";
				PRODUCT_BUNDLE_IDENTIFIER = "CCSF-CodePath.Instagram";
				PRODUCT_NAME = "$(TARGET_NAME)";
			};
			name = Debug;
		};
		A8393D481C51DAD600FEFF1E /* Release */ = {
			isa = XCBuildConfiguration;
			buildSettings = {
				ASSETCATALOG_COMPILER_APPICON_NAME = AppIcon;
				INFOPLIST_FILE = Instagram/Info.plist;
				LD_RUNPATH_SEARCH_PATHS = "$(inherited) @executable_path/Frameworks";
				PRODUCT_BUNDLE_IDENTIFIER = "CCSF-CodePath.Instagram";
				PRODUCT_NAME = "$(TARGET_NAME)";
			};
			name = Release;
		};
/* End XCBuildConfiguration section */

/* Begin XCConfigurationList section */
		A8393D2F1C51DAD500FEFF1E /* Build configuration list for PBXProject "Instagram" */ = {
			isa = XCConfigurationList;
			buildConfigurations = (
				A8393D441C51DAD600FEFF1E /* Debug */,
				A8393D451C51DAD600FEFF1E /* Release */,
			);
			defaultConfigurationIsVisible = 0;
			defaultConfigurationName = Release;
		};
		A8393D461C51DAD600FEFF1E /* Build configuration list for PBXNativeTarget "Instagram" */ = {
			isa = XCConfigurationList;
			buildConfigurations = (
				A8393D471C51DAD600FEFF1E /* Debug */,
				A8393D481C51DAD600FEFF1E /* Release */,
			);
			defaultConfigurationIsVisible = 0;
		};
/* End XCConfigurationList section */
	};
	rootObject = A8393D2C1C51DAD500FEFF1E /* Project object */;
}
